
Microsoft Visual Studio Solution File, Format Version 12.00
# Visual Studio Version 16
VisualStudioVersion = 16.0.31005.135
MinimumVisualStudioVersion = 10.0.40219.1
Project("{8BC9CEB8-8B4A-11D0-8D11-00A0C91BC942}") = "Photon", "Photon\Photon.vcxproj", "{BBF12F53-0E0A-4604-B18D-CCFA47EE1444}"
EndProject
Project("{8BC9CEB8-8B4A-11D0-8D11-00A0C91BC942}") = "Falcor", "Falcor\Framework\Source\Falcor.vcxproj", "{3B602F0E-3834-4F73-B97D-7DFC91597A98}"
EndProject
Project("{8BC9CEB8-8B4A-11D0-8D11-00A0C91BC942}") = "FalcorSharedObjects", "Falcor\Framework\FalcorSharedObjects\FalcorSharedObjects.vcxproj", "{2C535635-E4C5-4098-A928-574F0E7CD5F9}"
EndProject
Project("{8BC9CEB8-8B4A-11D0-8D11-00A0C91BC942}") = "CW-RTHybrid-AmbientOcclusion", "05-AmbientOcclusion\05-AmbientOcclusion.vcxproj", "{134A832F-CAA2-409D-83B8-A8BA9ECBC0FF}"
EndProject
Project("{8BC9CEB8-8B4A-11D0-8D11-00A0C91BC942}") = "CW-DXR-DiffuseGlobalIllumination", "12-DiffuseGlobalIllumination\12-DiffuseGlobalIllumination.vcxproj", "{6CE0B2E6-0EB4-4251-9DB4-BE2D6B7F3082}"
EndProject
Project("{8BC9CEB8-8B4A-11D0-8D11-00A0C91BC942}") = "Tutor03-RasterGBuffer", "03-RasterGBuffer\03-RasterGBuffer.vcxproj", "{B5FC91A3-D9F6-469E-AE0A-898CACCFB30C}"
EndProject
Global
	GlobalSection(SolutionConfigurationPlatforms) = preSolution
		Debug|x64 = Debug|x64
		DebugD3D12|x64 = DebugD3D12|x64
		DebugDXR|x64 = DebugDXR|x64
		DebugVK|x64 = DebugVK|x64
		Release|x64 = Release|x64
		ReleaseD3D12|x64 = ReleaseD3D12|x64
		ReleaseDXR|x64 = ReleaseDXR|x64
		ReleaseVK|x64 = ReleaseVK|x64
	EndGlobalSection
	GlobalSection(ProjectConfigurationPlatforms) = postSolution
		{BBF12F53-0E0A-4604-B18D-CCFA47EE1444}.Debug|x64.ActiveCfg = Debug|x64
		{BBF12F53-0E0A-4604-B18D-CCFA47EE1444}.Debug|x64.Build.0 = Debug|x64
		{BBF12F53-0E0A-4604-B18D-CCFA47EE1444}.DebugD3D12|x64.ActiveCfg = Debug|x64
		{BBF12F53-0E0A-4604-B18D-CCFA47EE1444}.DebugD3D12|x64.Build.0 = Debug|x64
		{BBF12F53-0E0A-4604-B18D-CCFA47EE1444}.DebugDXR|x64.ActiveCfg = Debug|x64
		{BBF12F53-0E0A-4604-B18D-CCFA47EE1444}.DebugDXR|x64.Build.0 = Debug|x64
		{BBF12F53-0E0A-4604-B18D-CCFA47EE1444}.DebugVK|x64.ActiveCfg = Debug|x64
		{BBF12F53-0E0A-4604-B18D-CCFA47EE1444}.DebugVK|x64.Build.0 = Debug|x64
		{BBF12F53-0E0A-4604-B18D-CCFA47EE1444}.Release|x64.ActiveCfg = Release|x64
		{BBF12F53-0E0A-4604-B18D-CCFA47EE1444}.Release|x64.Build.0 = Release|x64
		{BBF12F53-0E0A-4604-B18D-CCFA47EE1444}.ReleaseD3D12|x64.ActiveCfg = Release|x64
		{BBF12F53-0E0A-4604-B18D-CCFA47EE1444}.ReleaseD3D12|x64.Build.0 = Release|x64
		{BBF12F53-0E0A-4604-B18D-CCFA47EE1444}.ReleaseDXR|x64.ActiveCfg = Release|x64
		{BBF12F53-0E0A-4604-B18D-CCFA47EE1444}.ReleaseDXR|x64.Build.0 = Release|x64
		{BBF12F53-0E0A-4604-B18D-CCFA47EE1444}.ReleaseVK|x64.ActiveCfg = Release|x64
		{BBF12F53-0E0A-4604-B18D-CCFA47EE1444}.ReleaseVK|x64.Build.0 = Release|x64
		{3B602F0E-3834-4F73-B97D-7DFC91597A98}.Debug|x64.ActiveCfg = DebugD3D12|x64
		{3B602F0E-3834-4F73-B97D-7DFC91597A98}.Debug|x64.Build.0 = DebugD3D12|x64
		{3B602F0E-3834-4F73-B97D-7DFC91597A98}.DebugD3D12|x64.ActiveCfg = DebugD3D12|x64
		{3B602F0E-3834-4F73-B97D-7DFC91597A98}.DebugD3D12|x64.Build.0 = DebugD3D12|x64
		{3B602F0E-3834-4F73-B97D-7DFC91597A98}.DebugDXR|x64.ActiveCfg = DebugD3D12|x64
		{3B602F0E-3834-4F73-B97D-7DFC91597A98}.DebugDXR|x64.Build.0 = DebugD3D12|x64
		{3B602F0E-3834-4F73-B97D-7DFC91597A98}.DebugVK|x64.ActiveCfg = DebugVK|x64
		{3B602F0E-3834-4F73-B97D-7DFC91597A98}.DebugVK|x64.Build.0 = DebugVK|x64
		{3B602F0E-3834-4F73-B97D-7DFC91597A98}.Release|x64.ActiveCfg = ReleaseD3D12|x64
		{3B602F0E-3834-4F73-B97D-7DFC91597A98}.Release|x64.Build.0 = ReleaseD3D12|x64
		{3B602F0E-3834-4F73-B97D-7DFC91597A98}.ReleaseD3D12|x64.ActiveCfg = ReleaseD3D12|x64
		{3B602F0E-3834-4F73-B97D-7DFC91597A98}.ReleaseD3D12|x64.Build.0 = ReleaseD3D12|x64
		{3B602F0E-3834-4F73-B97D-7DFC91597A98}.ReleaseDXR|x64.ActiveCfg = ReleaseD3D12|x64
		{3B602F0E-3834-4F73-B97D-7DFC91597A98}.ReleaseDXR|x64.Build.0 = ReleaseD3D12|x64
		{3B602F0E-3834-4F73-B97D-7DFC91597A98}.ReleaseVK|x64.ActiveCfg = ReleaseVK|x64
		{3B602F0E-3834-4F73-B97D-7DFC91597A98}.ReleaseVK|x64.Build.0 = ReleaseVK|x64
		{2C535635-E4C5-4098-A928-574F0E7CD5F9}.Debug|x64.ActiveCfg = DebugD3D12|x64
		{2C535635-E4C5-4098-A928-574F0E7CD5F9}.Debug|x64.Build.0 = DebugD3D12|x64
		{2C535635-E4C5-4098-A928-574F0E7CD5F9}.DebugD3D12|x64.ActiveCfg = DebugD3D12|x64
		{2C535635-E4C5-4098-A928-574F0E7CD5F9}.DebugD3D12|x64.Build.0 = DebugD3D12|x64
		{2C535635-E4C5-4098-A928-574F0E7CD5F9}.DebugDXR|x64.ActiveCfg = DebugDXR|x64
		{2C535635-E4C5-4098-A928-574F0E7CD5F9}.DebugDXR|x64.Build.0 = DebugDXR|x64
		{2C535635-E4C5-4098-A928-574F0E7CD5F9}.DebugVK|x64.ActiveCfg = DebugVK|x64
		{2C535635-E4C5-4098-A928-574F0E7CD5F9}.DebugVK|x64.Build.0 = DebugVK|x64
		{2C535635-E4C5-4098-A928-574F0E7CD5F9}.Release|x64.ActiveCfg = ReleaseD3D12|x64
		{2C535635-E4C5-4098-A928-574F0E7CD5F9}.Release|x64.Build.0 = ReleaseD3D12|x64
		{2C535635-E4C5-4098-A928-574F0E7CD5F9}.ReleaseD3D12|x64.ActiveCfg = ReleaseD3D12|x64
		{2C535635-E4C5-4098-A928-574F0E7CD5F9}.ReleaseD3D12|x64.Build.0 = ReleaseD3D12|x64
		{2C535635-E4C5-4098-A928-574F0E7CD5F9}.ReleaseDXR|x64.ActiveCfg = ReleaseDXR|x64
		{2C535635-E4C5-4098-A928-574F0E7CD5F9}.ReleaseDXR|x64.Build.0 = ReleaseDXR|x64
		{2C535635-E4C5-4098-A928-574F0E7CD5F9}.ReleaseVK|x64.ActiveCfg = ReleaseVK|x64
		{2C535635-E4C5-4098-A928-574F0E7CD5F9}.ReleaseVK|x64.Build.0 = ReleaseVK|x64
		{134A832F-CAA2-409D-83B8-A8BA9ECBC0FF}.Debug|x64.ActiveCfg = Debug|x64
		{134A832F-CAA2-409D-83B8-A8BA9ECBC0FF}.Debug|x64.Build.0 = Debug|x64
		{134A832F-CAA2-409D-83B8-A8BA9ECBC0FF}.DebugD3D12|x64.ActiveCfg = Debug|x64
		{134A832F-CAA2-409D-83B8-A8BA9ECBC0FF}.DebugD3D12|x64.Build.0 = Debug|x64
		{134A832F-CAA2-409D-83B8-A8BA9ECBC0FF}.DebugDXR|x64.ActiveCfg = Debug|x64
		{134A832F-CAA2-409D-83B8-A8BA9ECBC0FF}.DebugDXR|x64.Build.0 = Debug|x64
		{134A832F-CAA2-409D-83B8-A8BA9ECBC0FF}.DebugVK|x64.ActiveCfg = Debug|x64
		{134A832F-CAA2-409D-83B8-A8BA9ECBC0FF}.DebugVK|x64.Build.0 = Debug|x64
		{134A832F-CAA2-409D-83B8-A8BA9ECBC0FF}.Release|x64.ActiveCfg = Release|x64
		{134A832F-CAA2-409D-83B8-A8BA9ECBC0FF}.Release|x64.Build.0 = Release|x64
		{134A832F-CAA2-409D-83B8-A8BA9ECBC0FF}.ReleaseD3D12|x64.ActiveCfg = Release|x64
		{134A832F-CAA2-409D-83B8-A8BA9ECBC0FF}.ReleaseD3D12|x64.Build.0 = Release|x64
		{134A832F-CAA2-409D-83B8-A8BA9ECBC0FF}.ReleaseDXR|x64.ActiveCfg = Release|x64
		{134A832F-CAA2-409D-83B8-A8BA9ECBC0FF}.ReleaseDXR|x64.Build.0 = Release|x64
		{134A832F-CAA2-409D-83B8-A8BA9ECBC0FF}.ReleaseVK|x64.ActiveCfg = Release|x64
		{134A832F-CAA2-409D-83B8-A8BA9ECBC0FF}.ReleaseVK|x64.Build.0 = Release|x64
		{6CE0B2E6-0EB4-4251-9DB4-BE2D6B7F3082}.Debug|x64.ActiveCfg = Debug|x64
		{6CE0B2E6-0EB4-4251-9DB4-BE2D6B7F3082}.Debug|x64.Build.0 = Debug|x64
		{6CE0B2E6-0EB4-4251-9DB4-BE2D6B7F3082}.DebugD3D12|x64.ActiveCfg = Debug|x64
		{6CE0B2E6-0EB4-4251-9DB4-BE2D6B7F3082}.DebugD3D12|x64.Build.0 = Debug|x64
		{6CE0B2E6-0EB4-4251-9DB4-BE2D6B7F3082}.DebugDXR|x64.ActiveCfg = Debug|x64
		{6CE0B2E6-0EB4-4251-9DB4-BE2D6B7F3082}.DebugDXR|x64.Build.0 = Debug|x64
		{6CE0B2E6-0EB4-4251-9DB4-BE2D6B7F3082}.DebugVK|x64.ActiveCfg = Debug|x64
		{6CE0B2E6-0EB4-4251-9DB4-BE2D6B7F3082}.DebugVK|x64.Build.0 = Debug|x64
		{6CE0B2E6-0EB4-4251-9DB4-BE2D6B7F3082}.Release|x64.ActiveCfg = Release|x64
		{6CE0B2E6-0EB4-4251-9DB4-BE2D6B7F3082}.Release|x64.Build.0 = Release|x64
		{6CE0B2E6-0EB4-4251-9DB4-BE2D6B7F3082}.ReleaseD3D12|x64.ActiveCfg = Release|x64
		{6CE0B2E6-0EB4-4251-9DB4-BE2D6B7F3082}.ReleaseD3D12|x64.Build.0 = Release|x64
		{6CE0B2E6-0EB4-4251-9DB4-BE2D6B7F3082}.ReleaseDXR|x64.ActiveCfg = Release|x64
		{6CE0B2E6-0EB4-4251-9DB4-BE2D6B7F3082}.ReleaseDXR|x64.Build.0 = Release|x64
		{6CE0B2E6-0EB4-4251-9DB4-BE2D6B7F3082}.ReleaseVK|x64.ActiveCfg = Release|x64
		{6CE0B2E6-0EB4-4251-9DB4-BE2D6B7F3082}.ReleaseVK|x64.Build.0 = Release|x64
		{B5FC91A3-D9F6-469E-AE0A-898CACCFB30C}.Debug|x64.ActiveCfg = Debug|x64
		{B5FC91A3-D9F6-469E-AE0A-898CACCFB30C}.Debug|x64.Build.0 = Debug|x64
		{B5FC91A3-D9F6-469E-AE0A-898CACCFB30C}.DebugD3D12|x64.ActiveCfg = Debug|x64
		{B5FC91A3-D9F6-469E-AE0A-898CACCFB30C}.DebugD3D12|x64.Build.0 = Debug|x64
		{B5FC91A3-D9F6-469E-AE0A-898CACCFB30C}.DebugDXR|x64.ActiveCfg = Debug|x64
		{B5FC91A3-D9F6-469E-AE0A-898CACCFB30C}.DebugDXR|x64.Build.0 = Debug|x64
		{B5FC91A3-D9F6-469E-AE0A-898CACCFB30C}.DebugVK|x64.ActiveCfg = Debug|x64
		{B5FC91A3-D9F6-469E-AE0A-898CACCFB30C}.DebugVK|x64.Build.0 = Debug|x64
		{B5FC91A3-D9F6-469E-AE0A-898CACCFB30C}.Release|x64.ActiveCfg = Release|x64
		{B5FC91A3-D9F6-469E-AE0A-898CACCFB30C}.Release|x64.Build.0 = Release|x64
		{B5FC91A3-D9F6-469E-AE0A-898CACCFB30C}.ReleaseD3D12|x64.ActiveCfg = Release|x64
		{B5FC91A3-D9F6-469E-AE0A-898CACCFB30C}.ReleaseD3D12|x64.Build.0 = Release|x64
		{B5FC91A3-D9F6-469E-AE0A-898CACCFB30C}.ReleaseDXR|x64.ActiveCfg = Release|x64
		{B5FC91A3-D9F6-469E-AE0A-898CACCFB30C}.ReleaseDXR|x64.Build.0 = Release|x64
		{B5FC91A3-D9F6-469E-AE0A-898CACCFB30C}.ReleaseVK|x64.ActiveCfg = Release|x64
		{B5FC91A3-D9F6-469E-AE0A-898CACCFB30C}.ReleaseVK|x64.Build.0 = Release|x64
	EndGlobalSection
	GlobalSection(SolutionProperties) = preSolution
		HideSolutionNode = FALSE
	EndGlobalSection
	GlobalSection(ExtensibilityGlobals) = postSolution
		SolutionGuid = {5B5AEC3E-1037-480D-AFA2-491503C95EC2}
	EndGlobalSection
EndGlobal
