
Microsoft Visual Studio Solution File, Format Version 12.00
# Visual Studio 15
VisualStudioVersion = 15.0.28307.1321
MinimumVisualStudioVersion = 10.0.40219.1
Project("{8BC9CEB8-8B4A-11D0-8D11-00A0C91BC942}") = "Photon", "Photon\Photon.vcxproj", "{BBF12F53-0E0A-4604-B18D-CCFA47EE1444}"
EndProject
Global
	GlobalSection(SolutionConfigurationPlatforms) = preSolution
		Debug|x64 = Debug|x64
		Release|x64 = Release|x64
	EndGlobalSection
	GlobalSection(ProjectConfigurationPlatforms) = postSolution
		{BBF12F53-0E0A-4604-B18D-CCFA47EE1444}.Debug|x64.ActiveCfg = Debug|x64
		{BBF12F53-0E0A-4604-B18D-CCFA47EE1444}.Debug|x64.Build.0 = Debug|x64
		{BBF12F53-0E0A-4604-B18D-CCFA47EE1444}.Release|x64.ActiveCfg = Release|x64
		{BBF12F53-0E0A-4604-B18D-CCFA47EE1444}.Release|x64.Build.0 = Release|x64
	EndGlobalSection
	GlobalSection(SolutionProperties) = preSolution
		HideSolutionNode = FALSE
	EndGlobalSection
	GlobalSection(ExtensibilityGlobals) = postSolution
		SolutionGuid = {5B5AEC3E-1037-480D-AFA2-491503C95EC2}
	EndGlobalSection
EndGlobal
